
Microsoft Visual Studio Solution File, Format Version 12.00
Project("{FAE04EC0-301F-11D3-BF4B-00C04F79EFBC}") = "GrpcServer", "GrpcServer.csproj", "{727B17DC-9EDA-4FA9-97E1-BBA9F9A3A57A}"
EndProject
Global
	GlobalSection(SolutionConfigurationPlatforms) = preSolution
		Debug|Any CPU = Debug|Any CPU
		Release|Any CPU = Release|Any CPU
	EndGlobalSection
	GlobalSection(ProjectConfigurationPlatforms) = postSolution
		{727B17DC-9EDA-4FA9-97E1-BBA9F9A3A57A}.Debug|Any CPU.ActiveCfg = Debug|Any CPU
		{727B17DC-9EDA-4FA9-97E1-BBA9F9A3A57A}.Debug|Any CPU.Build.0 = Debug|Any CPU
		{727B17DC-9EDA-4FA9-97E1-BBA9F9A3A57A}.Release|Any CPU.ActiveCfg = Release|Any CPU
		{727B17DC-9EDA-4FA9-97E1-BBA9F9A3A57A}.Release|Any CPU.Build.0 = Release|Any CPU
	EndGlobalSection
EndGlobal
