
Microsoft Visual Studio Solution File, Format Version 12.00
Project("{FAE04EC0-301F-11D3-BF4B-00C04F79EFBC}") = "WPFClient", "WPFClient.csproj", "{33F6CF85-EB82-486E-850C-B5FA5A5CC207}"
EndProject
Global
	GlobalSection(SolutionConfigurationPlatforms) = preSolution
		Debug|Any CPU = Debug|Any CPU
		Release|Any CPU = Release|Any CPU
	EndGlobalSection
	GlobalSection(ProjectConfigurationPlatforms) = postSolution
		{33F6CF85-EB82-486E-850C-B5FA5A5CC207}.Debug|Any CPU.ActiveCfg = Debug|Any CPU
		{33F6CF85-EB82-486E-850C-B5FA5A5CC207}.Debug|Any CPU.Build.0 = Debug|Any CPU
		{33F6CF85-EB82-486E-850C-B5FA5A5CC207}.Release|Any CPU.ActiveCfg = Release|Any CPU
		{33F6CF85-EB82-486E-850C-B5FA5A5CC207}.Release|Any CPU.Build.0 = Release|Any CPU
	EndGlobalSection
EndGlobal
