
Microsoft Visual Studio Solution File, Format Version 12.00
Project("{FAE04EC0-301F-11D3-BF4B-00C04F79EFBC}") = "GrpcClient", "GrpcClient.csproj", "{78DCB3BB-A41A-4AAD-8C87-B2CFC2A5A742}"
EndProject
Global
	GlobalSection(SolutionConfigurationPlatforms) = preSolution
		Debug|Any CPU = Debug|Any CPU
		Release|Any CPU = Release|Any CPU
	EndGlobalSection
	GlobalSection(ProjectConfigurationPlatforms) = postSolution
		{78DCB3BB-A41A-4AAD-8C87-B2CFC2A5A742}.Debug|Any CPU.ActiveCfg = Debug|Any CPU
		{78DCB3BB-A41A-4AAD-8C87-B2CFC2A5A742}.Debug|Any CPU.Build.0 = Debug|Any CPU
		{78DCB3BB-A41A-4AAD-8C87-B2CFC2A5A742}.Release|Any CPU.ActiveCfg = Release|Any CPU
		{78DCB3BB-A41A-4AAD-8C87-B2CFC2A5A742}.Release|Any CPU.Build.0 = Release|Any CPU
	EndGlobalSection
EndGlobal
